{
  "requires": true,
  "lockfileVersion": 1,
  "dependencies": {
    "deepmerge": {
      "version": "4.2.2",
      "resolved": "https://registry.npm.taobao.org/deepmerge/download/deepmerge-4.2.2.tgz?cache=0&sync_timestamp=1572279720382&other_urls=https%3A%2F%2Fregistry.npm.taobao.org%2Fdeepmerge%2Fdownload%2Fdeepmerge-4.2.2.tgz",
      "integrity": "sha1-RNLqNnm49NT/ujPwPYZfwee/SVU="
    },
    "echarts": {
      "version": "4.8.0",
      "resolved": "https://registry.npm.taobao.org/echarts/download/echarts-4.8.0.tgz?cache=0&sync_timestamp=1596215112746&other_urls=https%3A%2F%2Fregistry.npm.taobao.org%2Fecharts%2Fdownload%2Fecharts-4.8.0.tgz",
      "integrity": "sha1-ssHPuSKbE9No7hBPyO6mALV01MQ=",
      "requires": {
        "zrender": "4.3.1"
      }
    },
    "flatted": {
      "version": "2.0.2",
      "resolved": "https://registry.npm.taobao.org/flatted/download/flatted-2.0.2.tgz?cache=0&sync_timestamp=1593951653660&other_urls=https%3A%2F%2Fregistry.npm.taobao.org%2Fflatted%2Fdownload%2Fflatted-2.0.2.tgz",
      "integrity": "sha1-RXWyHivO50NKqb5mL0t7X5wrUTg="
    },
    "lodash.merge": {
      "version": "4.6.2",
      "resolved": "https://registry.npm.taobao.org/lodash.merge/download/lodash.merge-4.6.2.tgz",
      "integrity": "sha1-VYqlO0O2YeGSWgr9+japoQhf5Xo="
    },
    "mpvue-echarts": {
      "version": "0.3.2",
      "resolved": "https://registry.npm.taobao.org/mpvue-echarts/download/mpvue-echarts-0.3.2.tgz",
      "integrity": "sha1-4Iqd2CM9zjBuJIo0cL9/AnlCKsI="
    },
    "prettier": {
      "version": "1.12.1",
      "resolved": "http://registry.npm.taobao.org/prettier/download/prettier-1.12.1.tgz",
      "integrity": "sha1-wa0g6APndJ+vkFpAnSNn4Gu+cyU="
    },
    "shvl": {
      "version": "2.0.0",
      "resolved": "https://registry.npm.taobao.org/shvl/download/shvl-2.0.0.tgz",
      "integrity": "sha1-Vf1VC26Bv3V08vV2uLXB/6504Q8="
    },
    "vuex-persist": {
      "version": "2.2.0",
      "resolved": "https://registry.npm.taobao.org/vuex-persist/download/vuex-persist-2.2.0.tgz",
      "integrity": "sha1-Ss7HVWKJawRcQ9MZaQuT1rwbK7w=",
      "requires": {
        "flatted": "^2.0.0",
        "lodash.merge": "^4.6.2"
      }
    },
    "zrender": {
      "version": "4.3.1",
      "resolved": "https://registry.npm.taobao.org/zrender/download/zrender-4.3.1.tgz?cache=0&sync_timestamp=1596211478153&other_urls=https%3A%2F%2Fregistry.npm.taobao.org%2Fzrender%2Fdownload%2Fzrender-4.3.1.tgz",
      "integrity": "sha1-uviqbcgYei+BlpLX1fm+36K5D6M="
    }
  }
}
